
Microsoft Visual Studio Solution File, Format Version 12.00
# Visual Studio Version 17
VisualStudioVersion = 17.4.33213.308
MinimumVisualStudioVersion = 10.0.40219.1
Project("{FAE04EC0-301F-11D3-BF4B-00C04F79EFBC}") = "MyWebsite", "MyWebsite\MyWebsite.csproj", "{83BB7DD2-C745-42F1-807B-E5B2B5359571}"
EndProject
Global
	GlobalSection(SolutionConfigurationPlatforms) = preSolution
		Debug|Any CPU = Debug|Any CPU
		Release|Any CPU = Release|Any CPU
	EndGlobalSection
	GlobalSection(ProjectConfigurationPlatforms) = postSolution
		{83BB7DD2-C745-42F1-807B-E5B2B5359571}.Debug|Any CPU.ActiveCfg = Debug|Any CPU
		{83BB7DD2-C745-42F1-807B-E5B2B5359571}.Debug|Any CPU.Build.0 = Debug|Any CPU
		{83BB7DD2-C745-42F1-807B-E5B2B5359571}.Release|Any CPU.ActiveCfg = Release|Any CPU
		{83BB7DD2-C745-42F1-807B-E5B2B5359571}.Release|Any CPU.Build.0 = Release|Any CPU
	EndGlobalSection
	GlobalSection(SolutionProperties) = preSolution
		HideSolutionNode = FALSE
	EndGlobalSection
	GlobalSection(ExtensibilityGlobals) = postSolution
		SolutionGuid = {E23ECA88-B9B5-4B10-A7D9-41706EB8453F}
	EndGlobalSection
EndGlobal
